// !$*UTF8*$!
{
	archiveVersion = 1;
	classes = {
	};
	objectVersion = 56;
	objects = {

/* Begin PBXBuildFile section */
		F1286B2E2A0425A5006C6FE2 /* LocalFeedLoader.swift in Sources */ = {isa = PBXBuildFile; fileRef = F1286B2D2A0425A5006C6FE2 /* LocalFeedLoader.swift */; };
		F1286B302A04267E006C6FE2 /* FeedStore.swift in Sources */ = {isa = PBXBuildFile; fileRef = F1286B2F2A04267E006C6FE2 /* FeedStore.swift */; };
		F17032052A06FE3700F7C6BB /* RemoteFeedItem.swift in Sources */ = {isa = PBXBuildFile; fileRef = F17032042A06FE3700F7C6BB /* RemoteFeedItem.swift */; };
		F17032072A06FE8700F7C6BB /* LocalFeedImage.swift in Sources */ = {isa = PBXBuildFile; fileRef = F17032062A06FE8700F7C6BB /* LocalFeedImage.swift */; };
		F17D33F129E47266005FCA49 /* HTTPClient.swift in Sources */ = {isa = PBXBuildFile; fileRef = F17D33F029E47266005FCA49 /* HTTPClient.swift */; };
		F17D33F329E472EE005FCA49 /* FeedItemsMapper.swift in Sources */ = {isa = PBXBuildFile; fileRef = F17D33F229E472EE005FCA49 /* FeedItemsMapper.swift */; };
		F1A4997E29EA72470029AEAA /* URLSessionHTTPClientTests.swift in Sources */ = {isa = PBXBuildFile; fileRef = F1A4997D29EA72470029AEAA /* URLSessionHTTPClientTests.swift */; };
		F1A4998129EC62810029AEAA /* XCTestCaseMemoryTracking.swift in Sources */ = {isa = PBXBuildFile; fileRef = F1A4998029EC62810029AEAA /* XCTestCaseMemoryTracking.swift */; };
		F1A4998329ED10F20029AEAA /* URLSessionHTTPClient.swift in Sources */ = {isa = PBXBuildFile; fileRef = F1A4998229ED10F20029AEAA /* URLSessionHTTPClient.swift */; };
		F1AA38CE2A0355AA0039CDF5 /* CacheFeedUseCaseTests.swift in Sources */ = {isa = PBXBuildFile; fileRef = F1AA38CD2A0355AA0039CDF5 /* CacheFeedUseCaseTests.swift */; };
		F1D7132029EDF58600C696AE /* EssentialFeedAPIEndToEndTests.swift in Sources */ = {isa = PBXBuildFile; fileRef = F1D7131F29EDF58600C696AE /* EssentialFeedAPIEndToEndTests.swift */; };
		F1D7132129EDF58600C696AE /* EssentialFeed.framework in Frameworks */ = {isa = PBXBuildFile; fileRef = F1E2532529D740A90070B37E /* EssentialFeed.framework */; };
		F1D7132729EDFB2500C696AE /* XCTestCaseMemoryTracking.swift in Sources */ = {isa = PBXBuildFile; fileRef = F1A4998029EC62810029AEAA /* XCTestCaseMemoryTracking.swift */; };
		F1DA981229D8996200875BC6 /* LoadFeedFromRemoteUseCaseTests.swift in Sources */ = {isa = PBXBuildFile; fileRef = F1DA981129D8996200875BC6 /* LoadFeedFromRemoteUseCaseTests.swift */; };
		F1DA981529D9CF3100875BC6 /* RemoteFeedLoader.swift in Sources */ = {isa = PBXBuildFile; fileRef = F1DA981429D9CF3100875BC6 /* RemoteFeedLoader.swift */; };
		F1E2532A29D740A90070B37E /* EssentialFeed.docc in Sources */ = {isa = PBXBuildFile; fileRef = F1E2532929D740A90070B37E /* EssentialFeed.docc */; };
		F1E2533029D740AA0070B37E /* EssentialFeed.framework in Frameworks */ = {isa = PBXBuildFile; fileRef = F1E2532529D740A90070B37E /* EssentialFeed.framework */; };
		F1E2533629D740AA0070B37E /* EssentialFeed.h in Headers */ = {isa = PBXBuildFile; fileRef = F1E2532829D740A90070B37E /* EssentialFeed.h */; settings = {ATTRIBUTES = (Public, ); }; };
		F1E2534029D740BE0070B37E /* FeedImage.swift in Sources */ = {isa = PBXBuildFile; fileRef = F1E2533F29D740BE0070B37E /* FeedImage.swift */; };
		F1E2534429D743C90070B37E /* FeedLoader.swift in Sources */ = {isa = PBXBuildFile; fileRef = F1E2534329D743C90070B37E /* FeedLoader.swift */; };
/* End PBXBuildFile section */

/* Begin PBXContainerItemProxy section */
		F1D7132229EDF58600C696AE /* PBXContainerItemProxy */ = {
			isa = PBXContainerItemProxy;
			containerPortal = F1E2531C29D740A90070B37E /* Project object */;
			proxyType = 1;
			remoteGlobalIDString = F1E2532429D740A90070B37E;
			remoteInfo = EssentialFeed;
		};
		F1E2533129D740AA0070B37E /* PBXContainerItemProxy */ = {
			isa = PBXContainerItemProxy;
			containerPortal = F1E2531C29D740A90070B37E /* Project object */;
			proxyType = 1;
			remoteGlobalIDString = F1E2532429D740A90070B37E;
			remoteInfo = EssentialFeed;
		};
/* End PBXContainerItemProxy section */

/* Begin PBXFileReference section */
		F1286B2D2A0425A5006C6FE2 /* LocalFeedLoader.swift */ = {isa = PBXFileReference; lastKnownFileType = sourcecode.swift; path = LocalFeedLoader.swift; sourceTree = "<group>"; };
		F1286B2F2A04267E006C6FE2 /* FeedStore.swift */ = {isa = PBXFileReference; lastKnownFileType = sourcecode.swift; path = FeedStore.swift; sourceTree = "<group>"; };
		F17032042A06FE3700F7C6BB /* RemoteFeedItem.swift */ = {isa = PBXFileReference; lastKnownFileType = sourcecode.swift; path = RemoteFeedItem.swift; sourceTree = "<group>"; };
		F17032062A06FE8700F7C6BB /* LocalFeedImage.swift */ = {isa = PBXFileReference; lastKnownFileType = sourcecode.swift; path = LocalFeedImage.swift; sourceTree = "<group>"; };
		F17D33F029E47266005FCA49 /* HTTPClient.swift */ = {isa = PBXFileReference; lastKnownFileType = sourcecode.swift; path = HTTPClient.swift; sourceTree = "<group>"; };
		F17D33F229E472EE005FCA49 /* FeedItemsMapper.swift */ = {isa = PBXFileReference; lastKnownFileType = sourcecode.swift; path = FeedItemsMapper.swift; sourceTree = "<group>"; };
		F1A4997D29EA72470029AEAA /* URLSessionHTTPClientTests.swift */ = {isa = PBXFileReference; lastKnownFileType = sourcecode.swift; path = URLSessionHTTPClientTests.swift; sourceTree = "<group>"; };
		F1A4998029EC62810029AEAA /* XCTestCaseMemoryTracking.swift */ = {isa = PBXFileReference; lastKnownFileType = sourcecode.swift; path = XCTestCaseMemoryTracking.swift; sourceTree = "<group>"; };
		F1A4998229ED10F20029AEAA /* URLSessionHTTPClient.swift */ = {isa = PBXFileReference; lastKnownFileType = sourcecode.swift; path = URLSessionHTTPClient.swift; sourceTree = "<group>"; };
		F1AA38CD2A0355AA0039CDF5 /* CacheFeedUseCaseTests.swift */ = {isa = PBXFileReference; lastKnownFileType = sourcecode.swift; path = CacheFeedUseCaseTests.swift; sourceTree = "<group>"; };
		F1D7131D29EDF58600C696AE /* EssentialFeedAPIEndToEndTests.xctest */ = {isa = PBXFileReference; explicitFileType = wrapper.cfbundle; includeInIndex = 0; path = EssentialFeedAPIEndToEndTests.xctest; sourceTree = BUILT_PRODUCTS_DIR; };
		F1D7131F29EDF58600C696AE /* EssentialFeedAPIEndToEndTests.swift */ = {isa = PBXFileReference; lastKnownFileType = sourcecode.swift; path = EssentialFeedAPIEndToEndTests.swift; sourceTree = "<group>"; };
		F1DA981129D8996200875BC6 /* LoadFeedFromRemoteUseCaseTests.swift */ = {isa = PBXFileReference; lastKnownFileType = sourcecode.swift; path = LoadFeedFromRemoteUseCaseTests.swift; sourceTree = "<group>"; };
		F1DA981429D9CF3100875BC6 /* RemoteFeedLoader.swift */ = {isa = PBXFileReference; lastKnownFileType = sourcecode.swift; path = RemoteFeedLoader.swift; sourceTree = "<group>"; };
		F1E2532529D740A90070B37E /* EssentialFeed.framework */ = {isa = PBXFileReference; explicitFileType = wrapper.framework; includeInIndex = 0; path = EssentialFeed.framework; sourceTree = BUILT_PRODUCTS_DIR; };
		F1E2532829D740A90070B37E /* EssentialFeed.h */ = {isa = PBXFileReference; lastKnownFileType = sourcecode.c.h; path = EssentialFeed.h; sourceTree = "<group>"; };
		F1E2532929D740A90070B37E /* EssentialFeed.docc */ = {isa = PBXFileReference; lastKnownFileType = folder.documentationcatalog; path = EssentialFeed.docc; sourceTree = "<group>"; };
		F1E2532F29D740AA0070B37E /* EssentialFeedTests.xctest */ = {isa = PBXFileReference; explicitFileType = wrapper.cfbundle; includeInIndex = 0; path = EssentialFeedTests.xctest; sourceTree = BUILT_PRODUCTS_DIR; };
		F1E2533F29D740BE0070B37E /* FeedImage.swift */ = {isa = PBXFileReference; lastKnownFileType = sourcecode.swift; path = FeedImage.swift; sourceTree = "<group>"; };
		F1E2534329D743C90070B37E /* FeedLoader.swift */ = {isa = PBXFileReference; lastKnownFileType = sourcecode.swift; path = FeedLoader.swift; sourceTree = "<group>"; };
/* End PBXFileReference section */

/* Begin PBXFrameworksBuildPhase section */
		F1D7131A29EDF58600C696AE /* Frameworks */ = {
			isa = PBXFrameworksBuildPhase;
			buildActionMask = 2147483647;
			files = (
				F1D7132129EDF58600C696AE /* EssentialFeed.framework in Frameworks */,
			);
			runOnlyForDeploymentPostprocessing = 0;
		};
		F1E2532229D740A90070B37E /* Frameworks */ = {
			isa = PBXFrameworksBuildPhase;
			buildActionMask = 2147483647;
			files = (
			);
			runOnlyForDeploymentPostprocessing = 0;
		};
		F1E2532C29D740AA0070B37E /* Frameworks */ = {
			isa = PBXFrameworksBuildPhase;
			buildActionMask = 2147483647;
			files = (
				F1E2533029D740AA0070B37E /* EssentialFeed.framework in Frameworks */,
			);
			runOnlyForDeploymentPostprocessing = 0;
		};
/* End PBXFrameworksBuildPhase section */

/* Begin PBXGroup section */
		F1286B2C2A042584006C6FE2 /* FeedCache */ = {
			isa = PBXGroup;
			children = (
				F1286B2D2A0425A5006C6FE2 /* LocalFeedLoader.swift */,
				F1286B2F2A04267E006C6FE2 /* FeedStore.swift */,
				F17032062A06FE8700F7C6BB /* LocalFeedImage.swift */,
			);
			path = FeedCache;
			sourceTree = "<group>";
		};
		F17D33F529E47F11005FCA49 /* FeedAPI */ = {
			isa = PBXGroup;
			children = (
				F1DA981129D8996200875BC6 /* LoadFeedFromRemoteUseCaseTests.swift */,
				F1A4997D29EA72470029AEAA /* URLSessionHTTPClientTests.swift */,
			);
			path = FeedAPI;
			sourceTree = "<group>";
		};
		F1A4997F29EC62660029AEAA /* Helpers */ = {
			isa = PBXGroup;
			children = (
				F1A4998029EC62810029AEAA /* XCTestCaseMemoryTracking.swift */,
			);
			path = Helpers;
			sourceTree = "<group>";
		};
		F1AA38CC2A03557D0039CDF5 /* FeedCache */ = {
			isa = PBXGroup;
			children = (
				F1AA38CD2A0355AA0039CDF5 /* CacheFeedUseCaseTests.swift */,
			);
			path = FeedCache;
			sourceTree = "<group>";
		};
		F1D7131E29EDF58600C696AE /* EssentialFeedAPIEndToEndTests */ = {
			isa = PBXGroup;
			children = (
				F1D7131F29EDF58600C696AE /* EssentialFeedAPIEndToEndTests.swift */,
			);
			path = EssentialFeedAPIEndToEndTests;
			sourceTree = "<group>";
		};
		F1DA981329D9CED600875BC6 /* FeedAPI */ = {
			isa = PBXGroup;
			children = (
				F1DA981429D9CF3100875BC6 /* RemoteFeedLoader.swift */,
				F17D33F029E47266005FCA49 /* HTTPClient.swift */,
				F17D33F229E472EE005FCA49 /* FeedItemsMapper.swift */,
				F1A4998229ED10F20029AEAA /* URLSessionHTTPClient.swift */,
				F17032042A06FE3700F7C6BB /* RemoteFeedItem.swift */,
			);
			path = FeedAPI;
			sourceTree = "<group>";
		};
		F1E2531B29D740A90070B37E = {
			isa = PBXGroup;
			children = (
				F1E2532729D740A90070B37E /* EssentialFeed */,
				F1E2533329D740AA0070B37E /* EssentialFeedTests */,
				F1D7131E29EDF58600C696AE /* EssentialFeedAPIEndToEndTests */,
				F1E2532629D740A90070B37E /* Products */,
			);
			sourceTree = "<group>";
		};
		F1E2532629D740A90070B37E /* Products */ = {
			isa = PBXGroup;
			children = (
				F1E2532529D740A90070B37E /* EssentialFeed.framework */,
				F1E2532F29D740AA0070B37E /* EssentialFeedTests.xctest */,
				F1D7131D29EDF58600C696AE /* EssentialFeedAPIEndToEndTests.xctest */,
			);
			name = Products;
			sourceTree = "<group>";
		};
		F1E2532729D740A90070B37E /* EssentialFeed */ = {
			isa = PBXGroup;
			children = (
				F1286B2C2A042584006C6FE2 /* FeedCache */,
				F1E2532929D740A90070B37E /* EssentialFeed.docc */,
				F1E2532829D740A90070B37E /* EssentialFeed.h */,
				F1DA981329D9CED600875BC6 /* FeedAPI */,
				F1E2534529D7447D0070B37E /* FeedFeature */,
			);
			path = EssentialFeed;
			sourceTree = "<group>";
		};
		F1E2533329D740AA0070B37E /* EssentialFeedTests */ = {
			isa = PBXGroup;
			children = (
				F1AA38CC2A03557D0039CDF5 /* FeedCache */,
				F1A4997F29EC62660029AEAA /* Helpers */,
				F17D33F529E47F11005FCA49 /* FeedAPI */,
			);
			path = EssentialFeedTests;
			sourceTree = "<group>";
		};
		F1E2534529D7447D0070B37E /* FeedFeature */ = {
			isa = PBXGroup;
			children = (
				F1E2533F29D740BE0070B37E /* FeedImage.swift */,
				F1E2534329D743C90070B37E /* FeedLoader.swift */,
			);
			path = FeedFeature;
			sourceTree = "<group>";
		};
/* End PBXGroup section */

/* Begin PBXHeadersBuildPhase section */
		F1E2532029D740A90070B37E /* Headers */ = {
			isa = PBXHeadersBuildPhase;
			buildActionMask = 2147483647;
			files = (
				F1E2533629D740AA0070B37E /* EssentialFeed.h in Headers */,
			);
			runOnlyForDeploymentPostprocessing = 0;
		};
/* End PBXHeadersBuildPhase section */

/* Begin PBXNativeTarget section */
		F1D7131C29EDF58600C696AE /* EssentialFeedAPIEndToEndTests */ = {
			isa = PBXNativeTarget;
			buildConfigurationList = F1D7132629EDF58600C696AE /* Build configuration list for PBXNativeTarget "EssentialFeedAPIEndToEndTests" */;
			buildPhases = (
				F1D7131929EDF58600C696AE /* Sources */,
				F1D7131A29EDF58600C696AE /* Frameworks */,
				F1D7131B29EDF58600C696AE /* Resources */,
			);
			buildRules = (
			);
			dependencies = (
				F1D7132329EDF58600C696AE /* PBXTargetDependency */,
			);
			name = EssentialFeedAPIEndToEndTests;
			productName = EssentialFeedAPIEndToEndTests;
			productReference = F1D7131D29EDF58600C696AE /* EssentialFeedAPIEndToEndTests.xctest */;
			productType = "com.apple.product-type.bundle.unit-test";
		};
		F1E2532429D740A90070B37E /* EssentialFeed */ = {
			isa = PBXNativeTarget;
			buildConfigurationList = F1E2533929D740AA0070B37E /* Build configuration list for PBXNativeTarget "EssentialFeed" */;
			buildPhases = (
				F1E2532029D740A90070B37E /* Headers */,
				F1E2532129D740A90070B37E /* Sources */,
				F1E2532229D740A90070B37E /* Frameworks */,
				F1E2532329D740A90070B37E /* Resources */,
			);
			buildRules = (
			);
			dependencies = (
			);
			name = EssentialFeed;
			productName = EssentialFeed;
			productReference = F1E2532529D740A90070B37E /* EssentialFeed.framework */;
			productType = "com.apple.product-type.framework";
		};
		F1E2532E29D740AA0070B37E /* EssentialFeedTests */ = {
			isa = PBXNativeTarget;
			buildConfigurationList = F1E2533C29D740AA0070B37E /* Build configuration list for PBXNativeTarget "EssentialFeedTests" */;
			buildPhases = (
				F1E2532B29D740AA0070B37E /* Sources */,
				F1E2532C29D740AA0070B37E /* Frameworks */,
				F1E2532D29D740AA0070B37E /* Resources */,
			);
			buildRules = (
			);
			dependencies = (
				F1E2533229D740AA0070B37E /* PBXTargetDependency */,
			);
			name = EssentialFeedTests;
			productName = EssentialFeedTests;
			productReference = F1E2532F29D740AA0070B37E /* EssentialFeedTests.xctest */;
			productType = "com.apple.product-type.bundle.unit-test";
		};
/* End PBXNativeTarget section */

/* Begin PBXProject section */
		F1E2531C29D740A90070B37E /* Project object */ = {
			isa = PBXProject;
			attributes = {
				BuildIndependentTargetsInParallel = 1;
				LastSwiftUpdateCheck = 1400;
				LastUpgradeCheck = 1400;
				TargetAttributes = {
					F1D7131C29EDF58600C696AE = {
						CreatedOnToolsVersion = 14.0;
					};
					F1E2532429D740A90070B37E = {
						CreatedOnToolsVersion = 14.0;
					};
					F1E2532E29D740AA0070B37E = {
						CreatedOnToolsVersion = 14.0;
					};
				};
			};
			buildConfigurationList = F1E2531F29D740A90070B37E /* Build configuration list for PBXProject "EssentialFeed" */;
			compatibilityVersion = "Xcode 14.0";
			developmentRegion = en;
			hasScannedForEncodings = 0;
			knownRegions = (
				en,
				Base,
			);
			mainGroup = F1E2531B29D740A90070B37E;
			productRefGroup = F1E2532629D740A90070B37E /* Products */;
			projectDirPath = "";
			projectRoot = "";
			targets = (
				F1E2532429D740A90070B37E /* EssentialFeed */,
				F1E2532E29D740AA0070B37E /* EssentialFeedTests */,
				F1D7131C29EDF58600C696AE /* EssentialFeedAPIEndToEndTests */,
			);
		};
/* End PBXProject section */

/* Begin PBXResourcesBuildPhase section */
		F1D7131B29EDF58600C696AE /* Resources */ = {
			isa = PBXResourcesBuildPhase;
			buildActionMask = 2147483647;
			files = (
			);
			runOnlyForDeploymentPostprocessing = 0;
		};
		F1E2532329D740A90070B37E /* Resources */ = {
			isa = PBXResourcesBuildPhase;
			buildActionMask = 2147483647;
			files = (
			);
			runOnlyForDeploymentPostprocessing = 0;
		};
		F1E2532D29D740AA0070B37E /* Resources */ = {
			isa = PBXResourcesBuildPhase;
			buildActionMask = 2147483647;
			files = (
			);
			runOnlyForDeploymentPostprocessing = 0;
		};
/* End PBXResourcesBuildPhase section */

/* Begin PBXSourcesBuildPhase section */
		F1D7131929EDF58600C696AE /* Sources */ = {
			isa = PBXSourcesBuildPhase;
			buildActionMask = 2147483647;
			files = (
				F1D7132729EDFB2500C696AE /* XCTestCaseMemoryTracking.swift in Sources */,
				F1D7132029EDF58600C696AE /* EssentialFeedAPIEndToEndTests.swift in Sources */,
			);
			runOnlyForDeploymentPostprocessing = 0;
		};
		F1E2532129D740A90070B37E /* Sources */ = {
			isa = PBXSourcesBuildPhase;
			buildActionMask = 2147483647;
			files = (
				F17032072A06FE8700F7C6BB /* LocalFeedImage.swift in Sources */,
				F1286B302A04267E006C6FE2 /* FeedStore.swift in Sources */,
				F1A4998329ED10F20029AEAA /* URLSessionHTTPClient.swift in Sources */,
				F1DA981529D9CF3100875BC6 /* RemoteFeedLoader.swift in Sources */,
				F17D33F129E47266005FCA49 /* HTTPClient.swift in Sources */,
				F1E2534429D743C90070B37E /* FeedLoader.swift in Sources */,
				F17D33F329E472EE005FCA49 /* FeedItemsMapper.swift in Sources */,
				F17032052A06FE3700F7C6BB /* RemoteFeedItem.swift in Sources */,
				F1E2534029D740BE0070B37E /* FeedImage.swift in Sources */,
				F1286B2E2A0425A5006C6FE2 /* LocalFeedLoader.swift in Sources */,
				F1E2532A29D740A90070B37E /* EssentialFeed.docc in Sources */,
			);
			runOnlyForDeploymentPostprocessing = 0;
		};
		F1E2532B29D740AA0070B37E /* Sources */ = {
			isa = PBXSourcesBuildPhase;
			buildActionMask = 2147483647;
			files = (
				F1A4998129EC62810029AEAA /* XCTestCaseMemoryTracking.swift in Sources */,
				F1DA981229D8996200875BC6 /* LoadFeedFromRemoteUseCaseTests.swift in Sources */,
				F1AA38CE2A0355AA0039CDF5 /* CacheFeedUseCaseTests.swift in Sources */,
				F1A4997E29EA72470029AEAA /* URLSessionHTTPClientTests.swift in Sources */,
			);
			runOnlyForDeploymentPostprocessing = 0;
		};
/* End PBXSourcesBuildPhase section */

/* Begin PBXTargetDependency section */
		F1D7132329EDF58600C696AE /* PBXTargetDependency */ = {
			isa = PBXTargetDependency;
			target = F1E2532429D740A90070B37E /* EssentialFeed */;
			targetProxy = F1D7132229EDF58600C696AE /* PBXContainerItemProxy */;
		};
		F1E2533229D740AA0070B37E /* PBXTargetDependency */ = {
			isa = PBXTargetDependency;
			target = F1E2532429D740A90070B37E /* EssentialFeed */;
			targetProxy = F1E2533129D740AA0070B37E /* PBXContainerItemProxy */;
		};
/* End PBXTargetDependency section */

/* Begin XCBuildConfiguration section */
		F1D7132429EDF58600C696AE /* Debug */ = {
			isa = XCBuildConfiguration;
			buildSettings = {
				CODE_SIGN_STYLE = Automatic;
				CURRENT_PROJECT_VERSION = 1;
				GENERATE_INFOPLIST_FILE = YES;
				MARKETING_VERSION = 1.0;
				PRODUCT_BUNDLE_IDENTIFIER = iram.EssentialFeedAPIEndToEndTests;
				PRODUCT_NAME = "$(TARGET_NAME)";
				SWIFT_EMIT_LOC_STRINGS = NO;
				SWIFT_VERSION = 5.0;
			};
			name = Debug;
		};
		F1D7132529EDF58600C696AE /* Release */ = {
			isa = XCBuildConfiguration;
			buildSettings = {
				CODE_SIGN_STYLE = Automatic;
				CURRENT_PROJECT_VERSION = 1;
				GENERATE_INFOPLIST_FILE = YES;
				MARKETING_VERSION = 1.0;
				PRODUCT_BUNDLE_IDENTIFIER = iram.EssentialFeedAPIEndToEndTests;
				PRODUCT_NAME = "$(TARGET_NAME)";
				SWIFT_EMIT_LOC_STRINGS = NO;
				SWIFT_VERSION = 5.0;
			};
			name = Release;
		};
		F1E2533729D740AA0070B37E /* Debug */ = {
			isa = XCBuildConfiguration;
			buildSettings = {
				ALWAYS_SEARCH_USER_PATHS = NO;
				CLANG_ANALYZER_NONNULL = YES;
				CLANG_ANALYZER_NUMBER_OBJECT_CONVERSION = YES_AGGRESSIVE;
				CLANG_CXX_LANGUAGE_STANDARD = "gnu++20";
				CLANG_ENABLE_MODULES = YES;
				CLANG_ENABLE_OBJC_ARC = YES;
				CLANG_ENABLE_OBJC_WEAK = YES;
				CLANG_WARN_BLOCK_CAPTURE_AUTORELEASING = YES;
				CLANG_WARN_BOOL_CONVERSION = YES;
				CLANG_WARN_COMMA = YES;
				CLANG_WARN_CONSTANT_CONVERSION = YES;
				CLANG_WARN_DEPRECATED_OBJC_IMPLEMENTATIONS = YES;
				CLANG_WARN_DIRECT_OBJC_ISA_USAGE = YES_ERROR;
				CLANG_WARN_DOCUMENTATION_COMMENTS = YES;
				CLANG_WARN_EMPTY_BODY = YES;
				CLANG_WARN_ENUM_CONVERSION = YES;
				CLANG_WARN_INFINITE_RECURSION = YES;
				CLANG_WARN_INT_CONVERSION = YES;
				CLANG_WARN_NON_LITERAL_NULL_CONVERSION = YES;
				CLANG_WARN_OBJC_IMPLICIT_RETAIN_SELF = YES;
				CLANG_WARN_OBJC_LITERAL_CONVERSION = YES;
				CLANG_WARN_OBJC_ROOT_CLASS = YES_ERROR;
				CLANG_WARN_QUOTED_INCLUDE_IN_FRAMEWORK_HEADER = YES;
				CLANG_WARN_RANGE_LOOP_ANALYSIS = YES;
				CLANG_WARN_STRICT_PROTOTYPES = YES;
				CLANG_WARN_SUSPICIOUS_MOVE = YES;
				CLANG_WARN_UNGUARDED_AVAILABILITY = YES_AGGRESSIVE;
				CLANG_WARN_UNREACHABLE_CODE = YES;
				CLANG_WARN__DUPLICATE_METHOD_MATCH = YES;
				COPY_PHASE_STRIP = NO;
				CURRENT_PROJECT_VERSION = 1;
				DEBUG_INFORMATION_FORMAT = dwarf;
				ENABLE_STRICT_OBJC_MSGSEND = YES;
				ENABLE_TESTABILITY = YES;
				GCC_C_LANGUAGE_STANDARD = gnu11;
				GCC_DYNAMIC_NO_PIC = NO;
				GCC_NO_COMMON_BLOCKS = YES;
				GCC_OPTIMIZATION_LEVEL = 0;
				GCC_PREPROCESSOR_DEFINITIONS = (
					"DEBUG=1",
					"$(inherited)",
				);
				GCC_WARN_64_TO_32_BIT_CONVERSION = YES;
				GCC_WARN_ABOUT_RETURN_TYPE = YES_ERROR;
				GCC_WARN_UNDECLARED_SELECTOR = YES;
				GCC_WARN_UNINITIALIZED_AUTOS = YES_AGGRESSIVE;
				GCC_WARN_UNUSED_FUNCTION = YES;
				GCC_WARN_UNUSED_VARIABLE = YES;
				MACOSX_DEPLOYMENT_TARGET = 12.3;
				MTL_ENABLE_DEBUG_INFO = INCLUDE_SOURCE;
				MTL_FAST_MATH = YES;
				ONLY_ACTIVE_ARCH = YES;
				SDKROOT = macosx;
				SWIFT_ACTIVE_COMPILATION_CONDITIONS = DEBUG;
				SWIFT_OPTIMIZATION_LEVEL = "-Onone";
				VERSIONING_SYSTEM = "apple-generic";
				VERSION_INFO_PREFIX = "";
			};
			name = Debug;
		};
		F1E2533829D740AA0070B37E /* Release */ = {
			isa = XCBuildConfiguration;
			buildSettings = {
				ALWAYS_SEARCH_USER_PATHS = NO;
				CLANG_ANALYZER_NONNULL = YES;
				CLANG_ANALYZER_NUMBER_OBJECT_CONVERSION = YES_AGGRESSIVE;
				CLANG_CXX_LANGUAGE_STANDARD = "gnu++20";
				CLANG_ENABLE_MODULES = YES;
				CLANG_ENABLE_OBJC_ARC = YES;
				CLANG_ENABLE_OBJC_WEAK = YES;
				CLANG_WARN_BLOCK_CAPTURE_AUTORELEASING = YES;
				CLANG_WARN_BOOL_CONVERSION = YES;
				CLANG_WARN_COMMA = YES;
				CLANG_WARN_CONSTANT_CONVERSION = YES;
				CLANG_WARN_DEPRECATED_OBJC_IMPLEMENTATIONS = YES;
				CLANG_WARN_DIRECT_OBJC_ISA_USAGE = YES_ERROR;
				CLANG_WARN_DOCUMENTATION_COMMENTS = YES;
				CLANG_WARN_EMPTY_BODY = YES;
				CLANG_WARN_ENUM_CONVERSION = YES;
				CLANG_WARN_INFINITE_RECURSION = YES;
				CLANG_WARN_INT_CONVERSION = YES;
				CLANG_WARN_NON_LITERAL_NULL_CONVERSION = YES;
				CLANG_WARN_OBJC_IMPLICIT_RETAIN_SELF = YES;
				CLANG_WARN_OBJC_LITERAL_CONVERSION = YES;
				CLANG_WARN_OBJC_ROOT_CLASS = YES_ERROR;
				CLANG_WARN_QUOTED_INCLUDE_IN_FRAMEWORK_HEADER = YES;
				CLANG_WARN_RANGE_LOOP_ANALYSIS = YES;
				CLANG_WARN_STRICT_PROTOTYPES = YES;
				CLANG_WARN_SUSPICIOUS_MOVE = YES;
				CLANG_WARN_UNGUARDED_AVAILABILITY = YES_AGGRESSIVE;
				CLANG_WARN_UNREACHABLE_CODE = YES;
				CLANG_WARN__DUPLICATE_METHOD_MATCH = YES;
				COPY_PHASE_STRIP = NO;
				CURRENT_PROJECT_VERSION = 1;
				DEBUG_INFORMATION_FORMAT = "dwarf-with-dsym";
				ENABLE_NS_ASSERTIONS = NO;
				ENABLE_STRICT_OBJC_MSGSEND = YES;
				GCC_C_LANGUAGE_STANDARD = gnu11;
				GCC_NO_COMMON_BLOCKS = YES;
				GCC_WARN_64_TO_32_BIT_CONVERSION = YES;
				GCC_WARN_ABOUT_RETURN_TYPE = YES_ERROR;
				GCC_WARN_UNDECLARED_SELECTOR = YES;
				GCC_WARN_UNINITIALIZED_AUTOS = YES_AGGRESSIVE;
				GCC_WARN_UNUSED_FUNCTION = YES;
				GCC_WARN_UNUSED_VARIABLE = YES;
				MACOSX_DEPLOYMENT_TARGET = 12.3;
				MTL_ENABLE_DEBUG_INFO = NO;
				MTL_FAST_MATH = YES;
				SDKROOT = macosx;
				SWIFT_COMPILATION_MODE = wholemodule;
				SWIFT_OPTIMIZATION_LEVEL = "-O";
				VERSIONING_SYSTEM = "apple-generic";
				VERSION_INFO_PREFIX = "";
			};
			name = Release;
		};
		F1E2533A29D740AA0070B37E /* Debug */ = {
			isa = XCBuildConfiguration;
			buildSettings = {
				CODE_SIGN_STYLE = Automatic;
				COMBINE_HIDPI_IMAGES = YES;
				CURRENT_PROJECT_VERSION = 1;
				DEFINES_MODULE = YES;
				DYLIB_COMPATIBILITY_VERSION = 1;
				DYLIB_CURRENT_VERSION = 1;
				DYLIB_INSTALL_NAME_BASE = "@rpath";
				GENERATE_INFOPLIST_FILE = YES;
				INFOPLIST_KEY_NSHumanReadableCopyright = "";
				INSTALL_PATH = "$(LOCAL_LIBRARY_DIR)/Frameworks";
				LD_RUNPATH_SEARCH_PATHS = (
					"$(inherited)",
					"@executable_path/../Frameworks",
					"@loader_path/Frameworks",
				);
				MARKETING_VERSION = 1.0;
				PRODUCT_BUNDLE_IDENTIFIER = iram.EssentialFeed;
				PRODUCT_NAME = "$(TARGET_NAME:c99extidentifier)";
				SKIP_INSTALL = YES;
				SWIFT_EMIT_LOC_STRINGS = YES;
				SWIFT_VERSION = 5.0;
			};
			name = Debug;
		};
		F1E2533B29D740AA0070B37E /* Release */ = {
			isa = XCBuildConfiguration;
			buildSettings = {
				CODE_SIGN_STYLE = Automatic;
				COMBINE_HIDPI_IMAGES = YES;
				CURRENT_PROJECT_VERSION = 1;
				DEFINES_MODULE = YES;
				DYLIB_COMPATIBILITY_VERSION = 1;
				DYLIB_CURRENT_VERSION = 1;
				DYLIB_INSTALL_NAME_BASE = "@rpath";
				GENERATE_INFOPLIST_FILE = YES;
				INFOPLIST_KEY_NSHumanReadableCopyright = "";
				INSTALL_PATH = "$(LOCAL_LIBRARY_DIR)/Frameworks";
				LD_RUNPATH_SEARCH_PATHS = (
					"$(inherited)",
					"@executable_path/../Frameworks",
					"@loader_path/Frameworks",
				);
				MARKETING_VERSION = 1.0;
				PRODUCT_BUNDLE_IDENTIFIER = iram.EssentialFeed;
				PRODUCT_NAME = "$(TARGET_NAME:c99extidentifier)";
				SKIP_INSTALL = YES;
				SWIFT_EMIT_LOC_STRINGS = YES;
				SWIFT_VERSION = 5.0;
			};
			name = Release;
		};
		F1E2533D29D740AA0070B37E /* Debug */ = {
			isa = XCBuildConfiguration;
			buildSettings = {
				ALWAYS_EMBED_SWIFT_STANDARD_LIBRARIES = YES;
				CODE_SIGN_STYLE = Automatic;
				CURRENT_PROJECT_VERSION = 1;
				GENERATE_INFOPLIST_FILE = YES;
				MARKETING_VERSION = 1.0;
				PRODUCT_BUNDLE_IDENTIFIER = iram.EssentialFeedTests;
				PRODUCT_NAME = "$(TARGET_NAME)";
				SWIFT_EMIT_LOC_STRINGS = NO;
				SWIFT_VERSION = 5.0;
			};
			name = Debug;
		};
		F1E2533E29D740AA0070B37E /* Release */ = {
			isa = XCBuildConfiguration;
			buildSettings = {
				ALWAYS_EMBED_SWIFT_STANDARD_LIBRARIES = YES;
				CODE_SIGN_STYLE = Automatic;
				CURRENT_PROJECT_VERSION = 1;
				GENERATE_INFOPLIST_FILE = YES;
				MARKETING_VERSION = 1.0;
				PRODUCT_BUNDLE_IDENTIFIER = iram.EssentialFeedTests;
				PRODUCT_NAME = "$(TARGET_NAME)";
				SWIFT_EMIT_LOC_STRINGS = NO;
				SWIFT_VERSION = 5.0;
			};
			name = Release;
		};
/* End XCBuildConfiguration section */

/* Begin XCConfigurationList section */
		F1D7132629EDF58600C696AE /* Build configuration list for PBXNativeTarget "EssentialFeedAPIEndToEndTests" */ = {
			isa = XCConfigurationList;
			buildConfigurations = (
				F1D7132429EDF58600C696AE /* Debug */,
				F1D7132529EDF58600C696AE /* Release */,
			);
			defaultConfigurationIsVisible = 0;
			defaultConfigurationName = Release;
		};
		F1E2531F29D740A90070B37E /* Build configuration list for PBXProject "EssentialFeed" */ = {
			isa = XCConfigurationList;
			buildConfigurations = (
				F1E2533729D740AA0070B37E /* Debug */,
				F1E2533829D740AA0070B37E /* Release */,
			);
			defaultConfigurationIsVisible = 0;
			defaultConfigurationName = Release;
		};
		F1E2533929D740AA0070B37E /* Build configuration list for PBXNativeTarget "EssentialFeed" */ = {
			isa = XCConfigurationList;
			buildConfigurations = (
				F1E2533A29D740AA0070B37E /* Debug */,
				F1E2533B29D740AA0070B37E /* Release */,
			);
			defaultConfigurationIsVisible = 0;
			defaultConfigurationName = Release;
		};
		F1E2533C29D740AA0070B37E /* Build configuration list for PBXNativeTarget "EssentialFeedTests" */ = {
			isa = XCConfigurationList;
			buildConfigurations = (
				F1E2533D29D740AA0070B37E /* Debug */,
				F1E2533E29D740AA0070B37E /* Release */,
			);
			defaultConfigurationIsVisible = 0;
			defaultConfigurationName = Release;
		};
/* End XCConfigurationList section */
	};
	rootObject = F1E2531C29D740A90070B37E /* Project object */;
}
